// !$*UTF8*$!
{
	archiveVersion = 1;
	classes = {
	};
	objectVersion = 46;
	objects = {

/* Begin PBXBuildFile section */
		55F175CE1E69125C00C7A778 /* AppDelegate.swift in Sources */ = {isa = PBXBuildFile; fileRef = 55F175CD1E69125C00C7A778 /* AppDelegate.swift */; };
		55F175D01E69125C00C7A778 /* ViewController.swift in Sources */ = {isa = PBXBuildFile; fileRef = 55F175CF1E69125C00C7A778 /* ViewController.swift */; };
		55F175D31E69125C00C7A778 /* Main.storyboard in Resources */ = {isa = PBXBuildFile; fileRef = 55F175D11E69125C00C7A778 /* Main.storyboard */; };
		55F175D51E69125C00C7A778 /* Assets.xcassets in Resources */ = {isa = PBXBuildFile; fileRef = 55F175D41E69125C00C7A778 /* Assets.xcassets */; };
		55F175D81E69125C00C7A778 /* LaunchScreen.storyboard in Resources */ = {isa = PBXBuildFile; fileRef = 55F175D61E69125C00C7A778 /* LaunchScreen.storyboard */; };
/* End PBXBuildFile section */

/* Begin PBXFileReference section */
		55F175CA1E69125C00C7A778 /* Lovepoem.app */ = {isa = PBXFileReference; explicitFileType = wrapper.application; includeInIndex = 0; path = Lovepoem.app; sourceTree = BUILT_PRODUCTS_DIR; };
		55F175CD1E69125C00C7A778 /* AppDelegate.swift */ = {isa = PBXFileReference; lastKnownFileType = sourcecode.swift; path = AppDelegate.swift; sourceTree = "<group>"; };
		55F175CF1E69125C00C7A778 /* ViewController.swift */ = {isa = PBXFileReference; lastKnownFileType = sourcecode.swift; path = ViewController.swift; sourceTree = "<group>"; };
		55F175D21E69125C00C7A778 /* Base */ = {isa = PBXFileReference; lastKnownFileType = file.storyboard; name = Base; path = Base.lproj/Main.storyboard; sourceTree = "<group>"; };
		55F175D41E69125C00C7A778 /* Assets.xcassets */ = {isa = PBXFileReference; lastKnownFileType = folder.assetcatalog; path = Assets.xcassets; sourceTree = "<group>"; };
		55F175D71E69125C00C7A778 /* Base */ = {isa = PBXFileReference; lastKnownFileType = file.storyboard; name = Base; path = Base.lproj/LaunchScreen.storyboard; sourceTree = "<group>"; };
		55F175D91E69125C00C7A778 /* Info.plist */ = {isa = PBXFileReference; lastKnownFileType = text.plist.xml; path = Info.plist; sourceTree = "<group>"; };
/* End PBXFileReference section */

/* Begin PBXFrameworksBuildPhase section */
		55F175C71E69125C00C7A778 /* Frameworks */ = {
			isa = PBXFrameworksBuildPhase;
			buildActionMask = 2147483647;
			files = (
			);
			runOnlyForDeploymentPostprocessing = 0;
		};
/* End PBXFrameworksBuildPhase section */

/* Begin PBXGroup section */
		55F175C11E69125B00C7A778 = {
			isa = PBXGroup;
			children = (
				55F175CC1E69125C00C7A778 /* Lovepoem */,
				55F175CB1E69125C00C7A778 /* Products */,
			);
			sourceTree = "<group>";
		};
		55F175CB1E69125C00C7A778 /* Products */ = {
			isa = PBXGroup;
			children = (
				55F175CA1E69125C00C7A778 /* Lovepoem.app */,
			);
			name = Products;
			sourceTree = "<group>";
		};
		55F175CC1E69125C00C7A778 /* Lovepoem */ = {
			isa = PBXGroup;
			children = (
				55F175CD1E69125C00C7A778 /* AppDelegate.swift */,
				55F175CF1E69125C00C7A778 /* ViewController.swift */,
				55F175D11E69125C00C7A778 /* Main.storyboard */,
				55F175D41E69125C00C7A778 /* Assets.xcassets */,
				55F175D61E69125C00C7A778 /* LaunchScreen.storyboard */,
				55F175D91E69125C00C7A778 /* Info.plist */,
			);
			path = Lovepoem;
			sourceTree = "<group>";
		};
/* End PBXGroup section */

/* Begin PBXNativeTarget section */
		55F175C91E69125C00C7A778 /* Lovepoem */ = {
			isa = PBXNativeTarget;
			buildConfigurationList = 55F175DC1E69125C00C7A778 /* Build configuration list for PBXNativeTarget "Lovepoem" */;
			buildPhases = (
				55F175C61E69125C00C7A778 /* Sources */,
				55F175C71E69125C00C7A778 /* Frameworks */,
				55F175C81E69125C00C7A778 /* Resources */,
			);
			buildRules = (
			);
			dependencies = (
			);
			name = Lovepoem;
			productName = Lovepoem;
			productReference = 55F175CA1E69125C00C7A778 /* Lovepoem.app */;
			productType = "com.apple.product-type.application";
		};
/* End PBXNativeTarget section */

/* Begin PBXProject section */
		55F175C21E69125B00C7A778 /* Project object */ = {
			isa = PBXProject;
			attributes = {
				LastSwiftUpdateCheck = 0820;
				LastUpgradeCheck = 0820;
				ORGANIZATIONNAME = arthuryuan;
				TargetAttributes = {
					55F175C91E69125C00C7A778 = {
						CreatedOnToolsVersion = 8.2.1;
						ProvisioningStyle = Automatic;
					};
				};
			};
			buildConfigurationList = 55F175C51E69125B00C7A778 /* Build configuration list for PBXProject "Lovepoem" */;
			compatibilityVersion = "Xcode 3.2";
			developmentRegion = English;
			hasScannedForEncodings = 0;
			knownRegions = (
				en,
				Base,
			);
			mainGroup = 55F175C11E69125B00C7A778;
			productRefGroup = 55F175CB1E69125C00C7A778 /* Products */;
			projectDirPath = "";
			projectRoot = "";
			targets = (
				55F175C91E69125C00C7A778 /* Lovepoem */,
			);
		};
/* End PBXProject section */

/* Begin PBXResourcesBuildPhase section */
		55F175C81E69125C00C7A778 /* Resources */ = {
			isa = PBXResourcesBuildPhase;
			buildActionMask = 2147483647;
			files = (
				55F175D81E69125C00C7A778 /* LaunchScreen.storyboard in Resources */,
				55F175D51E69125C00C7A778 /* Assets.xcassets in Resources */,
				55F175D31E69125C00C7A778 /* Main.storyboard in Resources */,
			);
			runOnlyForDeploymentPostprocessing = 0;
		};
/* End PBXResourcesBuildPhase section */

/* Begin PBXSourcesBuildPhase section */
		55F175C61E69125C00C7A778 /* Sources */ = {
			isa = PBXSourcesBuildPhase;
			buildActionMask = 2147483647;
			files = (
				55F175D01E69125C00C7A778 /* ViewController.swift in Sources */,
				55F175CE1E69125C00C7A778 /* AppDelegate.swift in Sources */,
			);
			runOnlyForDeploymentPostprocessing = 0;
		};
/* End PBXSourcesBuildPhase section */

/* Begin PBXVariantGroup section */
		55F175D11E69125C00C7A778 /* Main.storyboard */ = {
			isa = PBXVariantGroup;
			children = (
				55F175D21E69125C00C7A778 /* Base */,
			);
			name = Main.storyboard;
			sourceTree = "<group>";
		};
		55F175D61E69125C00C7A778 /* LaunchScreen.storyboard */ = {
			isa = PBXVariantGroup;
			children = (
				55F175D71E69125C00C7A778 /* Base */,
			);
			name = LaunchScreen.storyboard;
			sourceTree = "<group>";
		};
/* End PBXVariantGroup section */

/* Begin XCBuildConfiguration section */
		55F175DA1E69125C00C7A778 /* Debug */ = {
			isa = XCBuildConfiguration;
			buildSettings = {
				ALWAYS_SEARCH_USER_PATHS = NO;
				CLANG_ANALYZER_NONNULL = YES;
				CLANG_CXX_LANGUAGE_STANDARD = "gnu++0x";
				CLANG_CXX_LIBRARY = "libc++";
				CLANG_ENABLE_MODULES = YES;
				CLANG_ENABLE_OBJC_ARC = YES;
				CLANG_WARN_BOOL_CONVERSION = YES;
				CLANG_WARN_CONSTANT_CONVERSION = YES;
				CLANG_WARN_DIRECT_OBJC_ISA_USAGE = YES_ERROR;
				CLANG_WARN_DOCUMENTATION_COMMENTS = YES;
				CLANG_WARN_EMPTY_BODY = YES;
				CLANG_WARN_ENUM_CONVERSION = YES;
				CLANG_WARN_INFINITE_RECURSION = YES;
				CLANG_WARN_INT_CONVERSION = YES;
				CLANG_WARN_OBJC_ROOT_CLASS = YES_ERROR;
				CLANG_WARN_SUSPICIOUS_MOVE = YES;
				CLANG_WARN_UNREACHABLE_CODE = YES;
				CLANG_WARN__DUPLICATE_METHOD_MATCH = YES;
				"CODE_SIGN_IDENTITY[sdk=iphoneos*]" = "iPhone Developer";
				COPY_PHASE_STRIP = NO;
				DEBUG_INFORMATION_FORMAT = dwarf;
				ENABLE_STRICT_OBJC_MSGSEND = YES;
				ENABLE_TESTABILITY = YES;
				GCC_C_LANGUAGE_STANDARD = gnu99;
				GCC_DYNAMIC_NO_PIC = NO;
				GCC_NO_COMMON_BLOCKS = YES;
				GCC_OPTIMIZATION_LEVEL = 0;
				GCC_PREPROCESSOR_DEFINITIONS = (
					"DEBUG=1",
					"$(inherited)",
				);
				GCC_WARN_64_TO_32_BIT_CONVERSION = YES;
				GCC_WARN_ABOUT_RETURN_TYPE = YES_ERROR;
				GCC_WARN_UNDECLARED_SELECTOR = YES;
				GCC_WARN_UNINITIALIZED_AUTOS = YES_AGGRESSIVE;
				GCC_WARN_UNUSED_FUNCTION = YES;
				GCC_WARN_UNUSED_VARIABLE = YES;
				IPHONEOS_DEPLOYMENT_TARGET = 10.2;
				MTL_ENABLE_DEBUG_INFO = YES;
				ONLY_ACTIVE_ARCH = YES;
				SDKROOT = iphoneos;
				SWIFT_ACTIVE_COMPILATION_CONDITIONS = DEBUG;
				SWIFT_OPTIMIZATION_LEVEL = "-Onone";
			};
			name = Debug;
		};
		55F175DB1E69125C00C7A778 /* Release */ = {
			isa = XCBuildConfiguration;
			buildSettings = {
				ALWAYS_SEARCH_USER_PATHS = NO;
				CLANG_ANALYZER_NONNULL = YES;
				CLANG_CXX_LANGUAGE_STANDARD = "gnu++0x";
				CLANG_CXX_LIBRARY = "libc++";
				CLANG_ENABLE_MODULES = YES;
				CLANG_ENABLE_OBJC_ARC = YES;
				CLANG_WARN_BOOL_CONVERSION = YES;
				CLANG_WARN_CONSTANT_CONVERSION = YES;
				CLANG_WARN_DIRECT_OBJC_ISA_USAGE = YES_ERROR;
				CLANG_WARN_DOCUMENTATION_COMMENTS = YES;
				CLANG_WARN_EMPTY_BODY = YES;
				CLANG_WARN_ENUM_CONVERSION = YES;
				CLANG_WARN_INFINITE_RECURSION = YES;
				CLANG_WARN_INT_CONVERSION = YES;
				CLANG_WARN_OBJC_ROOT_CLASS = YES_ERROR;
				CLANG_WARN_SUSPICIOUS_MOVE = YES;
				CLANG_WARN_UNREACHABLE_CODE = YES;
				CLANG_WARN__DUPLICATE_METHOD_MATCH = YES;
				"CODE_SIGN_IDENTITY[sdk=iphoneos*]" = "iPhone Developer";
				COPY_PHASE_STRIP = NO;
				DEBUG_INFORMATION_FORMAT = "dwarf-with-dsym";
				ENABLE_NS_ASSERTIONS = NO;
				ENABLE_STRICT_OBJC_MSGSEND = YES;
				GCC_C_LANGUAGE_STANDARD = gnu99;
				GCC_NO_COMMON_BLOCKS = YES;
				GCC_WARN_64_TO_32_BIT_CONVERSION = YES;
				GCC_WARN_ABOUT_RETURN_TYPE = YES_ERROR;
				GCC_WARN_UNDECLARED_SELECTOR = YES;
				GCC_WARN_UNINITIALIZED_AUTOS = YES_AGGRESSIVE;
				GCC_WARN_UNUSED_FUNCTION = YES;
				GCC_WARN_UNUSED_VARIABLE = YES;
				IPHONEOS_DEPLOYMENT_TARGET = 10.2;
				MTL_ENABLE_DEBUG_INFO = NO;
				SDKROOT = iphoneos;
				SWIFT_OPTIMIZATION_LEVEL = "-Owholemodule";
				VALIDATE_PRODUCT = YES;
			};
			name = Release;
		};
		55F175DD1E69125C00C7A778 /* Debug */ = {
			isa = XCBuildConfiguration;
			buildSettings = {
				ASSETCATALOG_COMPILER_APPICON_NAME = AppIcon;
				INFOPLIST_FILE = Lovepoem/Info.plist;
				LD_RUNPATH_SEARCH_PATHS = "$(inherited) @executable_path/Frameworks";
				PRODUCT_BUNDLE_IDENTIFIER = arthuryuan311.Lovepoem;
				PRODUCT_NAME = "$(TARGET_NAME)";
				SWIFT_VERSION = 3.0;
			};
			name = Debug;
		};
		55F175DE1E69125C00C7A778 /* Release */ = {
			isa = XCBuildConfiguration;
			buildSettings = {
				ASSETCATALOG_COMPILER_APPICON_NAME = AppIcon;
				INFOPLIST_FILE = Lovepoem/Info.plist;
				LD_RUNPATH_SEARCH_PATHS = "$(inherited) @executable_path/Frameworks";
				PRODUCT_BUNDLE_IDENTIFIER = arthuryuan311.Lovepoem;
				PRODUCT_NAME = "$(TARGET_NAME)";
				SWIFT_VERSION = 3.0;
			};
			name = Release;
		};
/* End XCBuildConfiguration section */

/* Begin XCConfigurationList section */
		55F175C51E69125B00C7A778 /* Build configuration list for PBXProject "Lovepoem" */ = {
			isa = XCConfigurationList;
			buildConfigurations = (
				55F175DA1E69125C00C7A778 /* Debug */,
				55F175DB1E69125C00C7A778 /* Release */,
			);
			defaultConfigurationIsVisible = 0;
			defaultConfigurationName = Release;
		};
		55F175DC1E69125C00C7A778 /* Build configuration list for PBXNativeTarget "Lovepoem" */ = {
			isa = XCConfigurationList;
			buildConfigurations = (
				55F175DD1E69125C00C7A778 /* Debug */,
				55F175DE1E69125C00C7A778 /* Release */,
			);
			defaultConfigurationIsVisible = 0;
		};
/* End XCConfigurationList section */
	};
	rootObject = 55F175C21E69125B00C7A778 /* Project object */;
}
